
Microsoft Visual Studio Solution File, Format Version 12.00
# Visual Studio Version 16
VisualStudioVersion = 16.0.30128.74
MinimumVisualStudioVersion = 10.0.40219.1
Project("{FAE04EC0-301F-11D3-BF4B-00C04F79EFBC}") = "GTA.Events", "GTA.Events\GTA.Events.csproj", "{DAFB4D6C-125B-4AFF-ADAE-B4AAADE5AE27}"
EndProject
Project("{FAE04EC0-301F-11D3-BF4B-00C04F79EFBC}") = "GTA.Common", "GTA.Common\GTA.Common.csproj", "{AAA12F86-A20F-4BED-9B01-229576198245}"
EndProject
Global
	GlobalSection(SolutionConfigurationPlatforms) = preSolution
		Debug|Any CPU = Debug|Any CPU
		Release|Any CPU = Release|Any CPU
	EndGlobalSection
	GlobalSection(ProjectConfigurationPlatforms) = postSolution
		{DAFB4D6C-125B-4AFF-ADAE-B4AAADE5AE27}.Debug|Any CPU.ActiveCfg = Debug|Any CPU
		{DAFB4D6C-125B-4AFF-ADAE-B4AAADE5AE27}.Debug|Any CPU.Build.0 = Debug|Any CPU
		{DAFB4D6C-125B-4AFF-ADAE-B4AAADE5AE27}.Release|Any CPU.ActiveCfg = Release|Any CPU
		{DAFB4D6C-125B-4AFF-ADAE-B4AAADE5AE27}.Release|Any CPU.Build.0 = Release|Any CPU
		{AAA12F86-A20F-4BED-9B01-229576198245}.Debug|Any CPU.ActiveCfg = Debug|Any CPU
		{AAA12F86-A20F-4BED-9B01-229576198245}.Debug|Any CPU.Build.0 = Debug|Any CPU
		{AAA12F86-A20F-4BED-9B01-229576198245}.Release|Any CPU.ActiveCfg = Release|Any CPU
		{AAA12F86-A20F-4BED-9B01-229576198245}.Release|Any CPU.Build.0 = Release|Any CPU
	EndGlobalSection
	GlobalSection(SolutionProperties) = preSolution
		HideSolutionNode = FALSE
	EndGlobalSection
	GlobalSection(ExtensibilityGlobals) = postSolution
		SolutionGuid = {A04B59B1-DDA9-4BE3-A807-393DFAA838A0}
	EndGlobalSection
EndGlobal
